
Microsoft Visual Studio Solution File, Format Version 12.00
# Visual Studio 15
VisualStudioVersion = 15.0.27130.2036
MinimumVisualStudioVersion = 10.0.40219.1
Project("{FAE04EC0-301F-11D3-BF4B-00C04F79EFBC}") = "EFApp", "EFApp\EFApp.csproj", "{D5B4B9EC-6E67-451E-A178-8AC785A5B668}"
EndProject
Global
	GlobalSection(SolutionConfigurationPlatforms) = preSolution
		Debug|Any CPU = Debug|Any CPU
		Release|Any CPU = Release|Any CPU
	EndGlobalSection
	GlobalSection(ProjectConfigurationPlatforms) = postSolution
		{D5B4B9EC-6E67-451E-A178-8AC785A5B668}.Debug|Any CPU.ActiveCfg = Debug|Any CPU
		{D5B4B9EC-6E67-451E-A178-8AC785A5B668}.Debug|Any CPU.Build.0 = Debug|Any CPU
		{D5B4B9EC-6E67-451E-A178-8AC785A5B668}.Release|Any CPU.ActiveCfg = Release|Any CPU
		{D5B4B9EC-6E67-451E-A178-8AC785A5B668}.Release|Any CPU.Build.0 = Release|Any CPU
	EndGlobalSection
	GlobalSection(SolutionProperties) = preSolution
		HideSolutionNode = FALSE
	EndGlobalSection
	GlobalSection(ExtensibilityGlobals) = postSolution
		SolutionGuid = {FFDE490F-1337-44E1-B52C-CC911A6A8CE5}
	EndGlobalSection
EndGlobal
