
Microsoft Visual Studio Solution File, Format Version 12.00
# Visual Studio 15
VisualStudioVersion = 15.0.27428.2005
MinimumVisualStudioVersion = 10.0.40219.1
Project("{FAE04EC0-301F-11D3-BF4B-00C04F79EFBC}") = "EShopApp", "EShopApp\EShopApp.csproj", "{8428C421-5FC6-4E40-8CC1-79080992D051}"
EndProject
Global
	GlobalSection(SolutionConfigurationPlatforms) = preSolution
		Debug|Any CPU = Debug|Any CPU
		Release|Any CPU = Release|Any CPU
	EndGlobalSection
	GlobalSection(ProjectConfigurationPlatforms) = postSolution
		{8428C421-5FC6-4E40-8CC1-79080992D051}.Debug|Any CPU.ActiveCfg = Debug|Any CPU
		{8428C421-5FC6-4E40-8CC1-79080992D051}.Debug|Any CPU.Build.0 = Debug|Any CPU
		{8428C421-5FC6-4E40-8CC1-79080992D051}.Release|Any CPU.ActiveCfg = Release|Any CPU
		{8428C421-5FC6-4E40-8CC1-79080992D051}.Release|Any CPU.Build.0 = Release|Any CPU
	EndGlobalSection
	GlobalSection(SolutionProperties) = preSolution
		HideSolutionNode = FALSE
	EndGlobalSection
	GlobalSection(ExtensibilityGlobals) = postSolution
		SolutionGuid = {5AB973BA-5403-470C-9E72-EF3FEBEE5B54}
	EndGlobalSection
EndGlobal
